
Microsoft Visual Studio Solution File, Format Version 12.00
# Visual Studio Version 17
VisualStudioVersion = 17.0.31919.166
MinimumVisualStudioVersion = 10.0.40219.1
Project("{FAE04EC0-301F-11D3-BF4B-00C04F79EFBC}") = "RateLimiter", "RateLimiter\RateLimiter.csproj", "{FC9003CE-EB8D-407E-ABF6-3A0D3F08633B}"
EndProject
Project("{FAE04EC0-301F-11D3-BF4B-00C04F79EFBC}") = "TestApi", "TestApi\TestApi.csproj", "{F9453A2F-1900-4A68-8F09-41D3CFC50AB4}"
EndProject
Project("{FAE04EC0-301F-11D3-BF4B-00C04F79EFBC}") = "IntegrationTests", "IntegrationTests\IntegrationTests.csproj", "{26109E5A-31CC-4D94-A868-8295D4B369FE}"
EndProject
Global
	GlobalSection(SolutionConfigurationPlatforms) = preSolution
		Debug|Any CPU = Debug|Any CPU
		Release|Any CPU = Release|Any CPU
	EndGlobalSection
	GlobalSection(ProjectConfigurationPlatforms) = postSolution
		{FC9003CE-EB8D-407E-ABF6-3A0D3F08633B}.Debug|Any CPU.ActiveCfg = Debug|Any CPU
		{FC9003CE-EB8D-407E-ABF6-3A0D3F08633B}.Debug|Any CPU.Build.0 = Debug|Any CPU
		{FC9003CE-EB8D-407E-ABF6-3A0D3F08633B}.Release|Any CPU.ActiveCfg = Release|Any CPU
		{FC9003CE-EB8D-407E-ABF6-3A0D3F08633B}.Release|Any CPU.Build.0 = Release|Any CPU
		{F9453A2F-1900-4A68-8F09-41D3CFC50AB4}.Debug|Any CPU.ActiveCfg = Debug|Any CPU
		{F9453A2F-1900-4A68-8F09-41D3CFC50AB4}.Debug|Any CPU.Build.0 = Debug|Any CPU
		{F9453A2F-1900-4A68-8F09-41D3CFC50AB4}.Release|Any CPU.ActiveCfg = Release|Any CPU
		{F9453A2F-1900-4A68-8F09-41D3CFC50AB4}.Release|Any CPU.Build.0 = Release|Any CPU
		{26109E5A-31CC-4D94-A868-8295D4B369FE}.Debug|Any CPU.ActiveCfg = Debug|Any CPU
		{26109E5A-31CC-4D94-A868-8295D4B369FE}.Debug|Any CPU.Build.0 = Debug|Any CPU
		{26109E5A-31CC-4D94-A868-8295D4B369FE}.Release|Any CPU.ActiveCfg = Release|Any CPU
		{26109E5A-31CC-4D94-A868-8295D4B369FE}.Release|Any CPU.Build.0 = Release|Any CPU
	EndGlobalSection
	GlobalSection(SolutionProperties) = preSolution
		HideSolutionNode = FALSE
	EndGlobalSection
	GlobalSection(ExtensibilityGlobals) = postSolution
		SolutionGuid = {14EBD77A-BEBB-498C-872E-3B1BFFCE4EB1}
	EndGlobalSection
EndGlobal
